<?xml version="1.0" encoding="utf-8"?>
<Project ToolsVersion="4.0" xmlns="http://schemas.microsoft.com/developer/msbuild/2003">
  <ItemGroup>
    <Filter Include="ソース ファイル">
      <UniqueIdentifier>{4FC737F1-C7A5-4376-A066-2A32D752A2FF}</UniqueIdentifier>
      <Extensions>cpp;c;cc;cxx;c++;cppm;ixx;def;odl;idl;hpj;bat;asm;asmx</Extensions>
    </Filter>
    <Filter Include="ヘッダー ファイル">
      <UniqueIdentifier>{93995380-89BD-4b04-88EB-625FBE52EBFB}</UniqueIdentifier>
      <Extensions>h;hh;hpp;hxx;h++;hm;inl;inc;ipp;xsd</Extensions>
    </Filter>
    <Filter Include="リソース ファイル">
      <UniqueIdentifier>{67DA6AB6-F800-4c08-8B7A-83BB121AAD01}</UniqueIdentifier>
      <Extensions>rc;ico;cur;bmp;dlg;rc2;rct;bin;rgs;gif;jpg;jpeg;jpe;resx;tiff;tif;png;wav;mfcribbon-ms</Extensions>
    </Filter>
    <Filter Include="A1">
      <UniqueIdentifier>{6b00bda2-916c-467d-bd30-3ce9f10577e8}</UniqueIdentifier>
    </Filter>
    <Filter Include="A1\ソースファイル">
      <UniqueIdentifier>{1f30805d-019a-4334-8d75-00f9e9d51126}</UniqueIdentifier>
    </Filter>
    <Filter Include="A1\ヘッダーファイル">
      <UniqueIdentifier>{a527bdea-5012-435b-899a-a2989c0e2bdb}</UniqueIdentifier>
    </Filter>
    <Filter Include="A1\リソースファイル">
      <UniqueIdentifier>{e667dd84-b77d-4c5b-877a-3258164a0752}</UniqueIdentifier>
    </Filter>
    <Filter Include="ImGui">
      <UniqueIdentifier>{4786ecf8-49b3-4cb7-a99f-06c106899ac5}</UniqueIdentifier>
    </Filter>
    <Filter Include="ImGui\ヘッダー ファイル">
      <UniqueIdentifier>{3b08ad8d-c322-4f41-89e4-f1dc41f4cc9c}</UniqueIdentifier>
    </Filter>
    <Filter Include="ImGui\ソース ファイル">
      <UniqueIdentifier>{6e480247-d82d-4bf7-896a-5681e380cfac}</UniqueIdentifier>
      <Extensions>.cpp</Extensions>
    </Filter>
    <Filter Include="Multiplay">
      <UniqueIdentifier>{1d74e9ec-2075-45a8-b979-9acc75998a8d}</UniqueIdentifier>
    </Filter>
    <Filter Include="Multiplay\src">
      <UniqueIdentifier>{62a87c37-7772-4f3a-b7e2-7de1a317c747}</UniqueIdentifier>
    </Filter>
    <Filter Include="Multiplay\head">
      <UniqueIdentifier>{bcf02db6-6494-416b-a67e-27e8bfe25edd}</UniqueIdentifier>
    </Filter>
    <Filter Include="Multiplay\head\mode">
      <UniqueIdentifier>{9e82936f-cffd-4d1f-834e-2e2190009d17}</UniqueIdentifier>
    </Filter>
  </ItemGroup>
  <ItemGroup>
    <ClCompile Include="main.cpp">
      <Filter>ソース ファイル</Filter>
    </ClCompile>
    <ClCompile Include="graphical.cpp">
      <Filter>A1\ソースファイル</Filter>
    </ClCompile>
    <ClCompile Include="sprite.cpp">
      <Filter>A1\ソースファイル</Filter>
    </ClCompile>
    <ClCompile Include="texture.cpp">
      <Filter>A1\ソースファイル</Filter>
    </ClCompile>
    <ClCompile Include="shader.cpp">
      <Filter>A1\ソースファイル</Filter>
    </ClCompile>
    <ClCompile Include="lib\imgui\imgui.cpp">
      <Filter>ImGui\ソース ファイル</Filter>
    </ClCompile>
    <ClCompile Include="lib\imgui\imgui_demo.cpp">
      <Filter>ImGui\ソース ファイル</Filter>
    </ClCompile>
    <ClCompile Include="lib\imgui\imgui_draw.cpp">
      <Filter>ImGui\ソース ファイル</Filter>
    </ClCompile>
    <ClCompile Include="lib\imgui\imgui_impl_dx11.cpp">
      <Filter>ImGui\ソース ファイル</Filter>
    </ClCompile>
    <ClCompile Include="lib\imgui\imgui_impl_win32.cpp">
      <Filter>ImGui\ソース ファイル</Filter>
    </ClCompile>
    <ClCompile Include="lib\imgui\imgui_tables.cpp">
      <Filter>ImGui\ソース ファイル</Filter>
    </ClCompile>
    <ClCompile Include="lib\imgui\imgui_widgets.cpp">
      <Filter>ImGui\ソース ファイル</Filter>
    </ClCompile>
    <ClCompile Include="original_window.cpp">
      <Filter>ソース ファイル</Filter>
    </ClCompile>
    <ClCompile Include="debugUI.cpp">
      <Filter>ソース ファイル</Filter>
    </ClCompile>
    <ClCompile Include="xinput.cpp">
      <Filter>ソース ファイル</Filter>
    </ClCompile>
    <ClCompile Include="map.cpp">
      <Filter>ソース ファイル</Filter>
    </ClCompile>
    <ClCompile Include="mapmngr.cpp">
      <Filter>ソース ファイル</Filter>
    </ClCompile>
    <ClCompile Include="wind.cpp">
      <Filter>ソース ファイル</Filter>
    </ClCompile>
    <ClCompile Include="dark.cpp">
      <Filter>ソース ファイル</Filter>
    </ClCompile>
    <ClCompile Include="enemymngr.cpp">
      <Filter>ソース ファイル</Filter>
    </ClCompile>
    <ClCompile Include="fire.cpp">
      <Filter>ソース ファイル</Filter>
    </ClCompile>
    <ClCompile Include="game.cpp">
      <Filter>ソース ファイル</Filter>
    </ClCompile>
    <ClCompile Include="enemy1.cpp">
      <Filter>ソース ファイル</Filter>
    </ClCompile>
    <ClCompile Include="player.cpp">
      <Filter>ソース ファイル</Filter>
    </ClCompile>
    <ClCompile Include="scenemngr.cpp">
      <Filter>ソース ファイル</Filter>
    </ClCompile>
    <ClCompile Include="thunder.cpp">
      <Filter>ソース ファイル</Filter>
    </ClCompile>
    <ClCompile Include="time.cpp">
      <Filter>A1\ソースファイル</Filter>
    </ClCompile>
    <ClCompile Include="camera.cpp">
      <Filter>ソース ファイル</Filter>
    </ClCompile>
    <ClCompile Include="movableobj.cpp">
      <Filter>ソース ファイル</Filter>
    </ClCompile>
    <ClCompile Include="title.cpp">
      <Filter>ソース ファイル</Filter>
    </ClCompile>
    <ClCompile Include="result.cpp">
      <Filter>ソース ファイル</Filter>
    </ClCompile>
    <ClCompile Include="animator.cpp">
      <Filter>ソース ファイル</Filter>
    </ClCompile>
    <ClCompile Include="collider.cpp">
      <Filter>ソース ファイル</Filter>
    </ClCompile>
    <ClCompile Include="collmngr.cpp">
      <Filter>ソース ファイル</Filter>
    </ClCompile>
    <ClCompile Include="enemy.cpp">
      <Filter>ソース ファイル</Filter>
    </ClCompile>
    <ClCompile Include="gameobject.cpp">
      <Filter>ソース ファイル</Filter>
    </ClCompile>
    <ClCompile Include="renderer.cpp">
      <Filter>ソース ファイル</Filter>
    </ClCompile>
    <ClCompile Include="enemy2.cpp">
      <Filter>ソース ファイル</Filter>
    </ClCompile>
    <ClCompile Include="enemy3.cpp">
      <Filter>ソース ファイル</Filter>
    </ClCompile>
    <ClCompile Include="collidercir.cpp">
      <Filter>ソース ファイル</Filter>
    </ClCompile>
    <ClCompile Include="colliderrect.cpp">
      <Filter>ソース ファイル</Filter>
    </ClCompile>
    <ClCompile Include="projectilemngr.cpp">
      <Filter>ソース ファイル</Filter>
    </ClCompile>
    <ClCompile Include="bullet.cpp">
      <Filter>ソース ファイル</Filter>
    </ClCompile>
    <ClCompile Include="gamebase.cpp">
      <Filter>ソース ファイル</Filter>
    </ClCompile>
    <ClCompile Include="lib\video_reader.cpp">
      <Filter>ソース ファイル</Filter>
    </ClCompile>
    <ClCompile Include="prep.cpp">
      <Filter>ソース ファイル</Filter>
    </ClCompile>
    <ClCompile Include="skillorb.cpp">
      <Filter>ソース ファイル</Filter>
    </ClCompile>
    <ClCompile Include="skillorbmngr.cpp">
      <Filter>ソース ファイル</Filter>
    </ClCompile>
    <ClCompile Include="boss.cpp">
      <Filter>ソース ファイル</Filter>
    </ClCompile>
    <ClCompile Include="bossatk.cpp">
      <Filter>ソース ファイル</Filter>
    </ClCompile>
    <ClCompile Include="asset.cpp">
      <Filter>ソース ファイル</Filter>
    </ClCompile>
    <ClCompile Include="id.cpp">
      <Filter>ソース ファイル</Filter>
    </ClCompile>
    <ClCompile Include="image_data.cpp">
      <Filter>ソース ファイル</Filter>
    </ClCompile>
    <ClCompile Include="ini.cpp">
      <Filter>ソース ファイル</Filter>
    </ClCompile>
    <ClCompile Include="light_effect.cpp">
      <Filter>ソース ファイル</Filter>
    </ClCompile>
    <ClCompile Include="menu.cpp">
      <Filter>ソース ファイル</Filter>
    </ClCompile>
    <ClCompile Include="number.cpp">
      <Filter>ソース ファイル</Filter>
    </ClCompile>
    <ClCompile Include="playerattack.cpp">
      <Filter>ソース ファイル</Filter>
    </ClCompile>
    <ClCompile Include="sound.cpp">
      <Filter>ソース ファイル</Filter>
    </ClCompile>
    <ClCompile Include="storage.cpp">
      <Filter>ソース ファイル</Filter>
    </ClCompile>
    <ClCompile Include="text.cpp">
      <Filter>ソース ファイル</Filter>
    </ClCompile>
    <ClCompile Include="multi_anim.cpp">
      <Filter>Multiplay\src</Filter>
    </ClCompile>
    <ClCompile Include="multi_area_capture_mode.cpp">
      <Filter>Multiplay\src</Filter>
    </ClCompile>
    <ClCompile Include="multi_attack.cpp">
      <Filter>Multiplay\src</Filter>
    </ClCompile>
    <ClCompile Include="multi_attribute.cpp">
      <Filter>Multiplay\src</Filter>
    </ClCompile>
    <ClCompile Include="multi_behavior.cpp">
      <Filter>Multiplay\src</Filter>
    </ClCompile>
    <ClCompile Include="multi_character_select_mode.cpp">
      <Filter>Multiplay\src</Filter>
    </ClCompile>
    <ClCompile Include="multi_enemy.cpp">
      <Filter>Multiplay\src</Filter>
    </ClCompile>
    <ClCompile Include="multi_map.cpp">
      <Filter>Multiplay\src</Filter>
    </ClCompile>
    <ClCompile Include="multi_mode.cpp">
      <Filter>Multiplay\src</Filter>
    </ClCompile>
    <ClCompile Include="multi_mode_flow.cpp">
      <Filter>Multiplay\src</Filter>
    </ClCompile>
    <ClCompile Include="multi_object.cpp">
      <Filter>Multiplay\src</Filter>
    </ClCompile>
    <ClCompile Include="multi_player.cpp">
      <Filter>Multiplay\src</Filter>
    </ClCompile>
    <ClCompile Include="multi_skillorb.cpp">
      <Filter>Multiplay\src</Filter>
    </ClCompile>
    <ClCompile Include="multiplay.cpp">
      <Filter>Multiplay\src</Filter>
    </ClCompile>
    <ClCompile Include="move_scene_anim.cpp">
      <Filter>Multiplay\src</Filter>
    </ClCompile>
    <ClCompile Include="multi_animenum.cpp">
      <Filter>Multiplay\src</Filter>
    </ClCompile>
    <ClCompile Include="multi_ui.cpp">
      <Filter>Multiplay\src</Filter>
    </ClCompile>
    <ClCompile Include="multi_result_skillorb.cpp">
      <Filter>Multiplay\src</Filter>
    </ClCompile>
    <ClCompile Include="load.cpp">
      <Filter>Multiplay\src</Filter>
    </ClCompile>
    <ClCompile Include="multi_spike.cpp">
      <Filter>ソース ファイル</Filter>
    </ClCompile>
  </ItemGroup>
  <ItemGroup>
    <ClInclude Include="graphical.h">
      <Filter>A1\ヘッダーファイル</Filter>
    </ClInclude>
    <ClInclude Include="sprite.h">
      <Filter>A1\ヘッダーファイル</Filter>
    </ClInclude>
    <ClInclude Include="texture.h">
      <Filter>A1\ヘッダーファイル</Filter>
    </ClInclude>
    <ClInclude Include="shader.h">
      <Filter>A1\ヘッダーファイル</Filter>
    </ClInclude>
    <ClInclude Include="lib\imgui\imconfig.h">
      <Filter>ImGui\ヘッダー ファイル</Filter>
    </ClInclude>
    <ClInclude Include="lib\imgui\imgui.h">
      <Filter>ImGui\ヘッダー ファイル</Filter>
    </ClInclude>
    <ClInclude Include="lib\imgui\imgui_impl_dx11.h">
      <Filter>ImGui\ヘッダー ファイル</Filter>
    </ClInclude>
    <ClInclude Include="lib\imgui\imgui_impl_win32.h">
      <Filter>ImGui\ヘッダー ファイル</Filter>
    </ClInclude>
    <ClInclude Include="lib\imgui\imgui_internal.h">
      <Filter>ImGui\ヘッダー ファイル</Filter>
    </ClInclude>
    <ClInclude Include="lib\imgui\imstb_rectpack.h">
      <Filter>ImGui\ヘッダー ファイル</Filter>
    </ClInclude>
    <ClInclude Include="lib\imgui\imstb_textedit.h">
      <Filter>ImGui\ヘッダー ファイル</Filter>
    </ClInclude>
    <ClInclude Include="lib\imgui\imstb_truetype.h">
      <Filter>ImGui\ヘッダー ファイル</Filter>
    </ClInclude>
    <ClInclude Include="debugUI.h">
      <Filter>ヘッダー ファイル</Filter>
    </ClInclude>
    <ClInclude Include="original_window.h">
      <Filter>ヘッダー ファイル</Filter>
    </ClInclude>
    <ClInclude Include="cell.h">
      <Filter>ヘッダー ファイル</Filter>
    </ClInclude>
    <ClInclude Include="gameobject.h">
      <Filter>ヘッダー ファイル</Filter>
    </ClInclude>
    <ClInclude Include="movableobj.h">
      <Filter>ヘッダー ファイル</Filter>
    </ClInclude>
    <ClInclude Include="xinput.h">
      <Filter>ヘッダー ファイル</Filter>
    </ClInclude>
    <ClInclude Include="Scene.h">
      <Filter>ヘッダー ファイル</Filter>
    </ClInclude>
    <ClInclude Include="Title.h">
      <Filter>ヘッダー ファイル</Filter>
    </ClInclude>
    <ClInclude Include="Game.h">
      <Filter>ヘッダー ファイル</Filter>
    </ClInclude>
    <ClInclude Include="Menu.h">
      <Filter>ヘッダー ファイル</Filter>
    </ClInclude>
    <ClInclude Include="block.h">
      <Filter>ヘッダー ファイル</Filter>
    </ClInclude>
    <ClInclude Include="cloud.h">
      <Filter>ヘッダー ファイル</Filter>
    </ClInclude>
    <ClInclude Include="floor.h">
      <Filter>ヘッダー ファイル</Filter>
    </ClInclude>
    <ClInclude Include="map.h">
      <Filter>ヘッダー ファイル</Filter>
    </ClInclude>
    <ClInclude Include="mapmngr.h">
      <Filter>ヘッダー ファイル</Filter>
    </ClInclude>
    <ClInclude Include="scenemngr.h">
      <Filter>ヘッダー ファイル</Filter>
    </ClInclude>
    <ClInclude Include="skillorb.h">
      <Filter>ヘッダー ファイル</Filter>
    </ClInclude>
    <ClInclude Include="wall.h">
      <Filter>ヘッダー ファイル</Filter>
    </ClInclude>
    <ClInclude Include="enemy.h">
      <Filter>ヘッダー ファイル</Filter>
    </ClInclude>
    <ClInclude Include="enemymngr.h">
      <Filter>ヘッダー ファイル</Filter>
    </ClInclude>
    <ClInclude Include="enemy1.h">
      <Filter>ヘッダー ファイル</Filter>
    </ClInclude>
    <ClInclude Include="mapenum.h">
      <Filter>ヘッダー ファイル</Filter>
    </ClInclude>
    <ClInclude Include="time.h">
      <Filter>A1\ヘッダーファイル</Filter>
    </ClInclude>
    <ClInclude Include="camera.h">
      <Filter>ヘッダー ファイル</Filter>
    </ClInclude>
    <ClInclude Include="spike.h">
      <Filter>ヘッダー ファイル</Filter>
    </ClInclude>
    <ClInclude Include="result.h">
      <Filter>ヘッダー ファイル</Filter>
    </ClInclude>
    <ClInclude Include="animator.h">
      <Filter>ヘッダー ファイル</Filter>
    </ClInclude>
    <ClInclude Include="collider.h">
      <Filter>ヘッダー ファイル</Filter>
    </ClInclude>
    <ClInclude Include="collmngr.h">
      <Filter>ヘッダー ファイル</Filter>
    </ClInclude>
    <ClInclude Include="Gamemodules.h">
      <Filter>ヘッダー ファイル</Filter>
    </ClInclude>
    <ClInclude Include="renderer.h">
      <Filter>ヘッダー ファイル</Filter>
    </ClInclude>
    <ClInclude Include="enemy2.h">
      <Filter>ヘッダー ファイル</Filter>
    </ClInclude>
    <ClInclude Include="enemy3.h">
      <Filter>ヘッダー ファイル</Filter>
    </ClInclude>
    <ClInclude Include="area_capture.h">
      <Filter>ヘッダー ファイル</Filter>
    </ClInclude>
    <ClInclude Include="attribute_type.h">
      <Filter>ヘッダー ファイル</Filter>
    </ClInclude>
    <ClInclude Include="bullet.h">
      <Filter>ヘッダー ファイル</Filter>
    </ClInclude>
    <ClInclude Include="collidercir.h">
      <Filter>ヘッダー ファイル</Filter>
    </ClInclude>
    <ClInclude Include="gamebase.h">
      <Filter>ヘッダー ファイル</Filter>
    </ClInclude>
    <ClInclude Include="lib\video_reader.hpp">
      <Filter>ヘッダー ファイル</Filter>
    </ClInclude>
    <ClInclude Include="colliderrect.h">
      <Filter>ヘッダー ファイル</Filter>
    </ClInclude>
    <ClInclude Include="projectilemngr.h">
      <Filter>ヘッダー ファイル</Filter>
    </ClInclude>
    <ClInclude Include="skillorbmngr.h">
      <Filter>ヘッダー ファイル</Filter>
    </ClInclude>
    <ClInclude Include="video.h">
      <Filter>ヘッダー ファイル</Filter>
    </ClInclude>
    <ClInclude Include="prep.h">
      <Filter>ヘッダー ファイル</Filter>
    </ClInclude>
    <ClInclude Include="boss.h">
      <Filter>ヘッダー ファイル</Filter>
    </ClInclude>
    <ClInclude Include="bossatk.h">
      <Filter>ヘッダー ファイル</Filter>
    </ClInclude>
    <ClInclude Include="asset.h">
      <Filter>ヘッダー ファイル</Filter>
    </ClInclude>
    <ClInclude Include="attribute_state.h">
      <Filter>ヘッダー ファイル</Filter>
    </ClInclude>
    <ClInclude Include="gset.h">
      <Filter>ヘッダー ファイル</Filter>
    </ClInclude>
    <ClInclude Include="id.h">
      <Filter>ヘッダー ファイル</Filter>
    </ClInclude>
    <ClInclude Include="ini.h">
      <Filter>ヘッダー ファイル</Filter>
    </ClInclude>
    <ClInclude Include="image_data.h">
      <Filter>ヘッダー ファイル</Filter>
    </ClInclude>
    <ClInclude Include="light_effect.h">
      <Filter>ヘッダー ファイル</Filter>
    </ClInclude>
    <ClInclude Include="number.h">
      <Filter>ヘッダー ファイル</Filter>
    </ClInclude>
    <ClInclude Include="playerattack.h">
      <Filter>ヘッダー ファイル</Filter>
    </ClInclude>
    <ClInclude Include="playerstate.h">
      <Filter>ヘッダー ファイル</Filter>
    </ClInclude>
    <ClInclude Include="sound.h">
      <Filter>ヘッダー ファイル</Filter>
    </ClInclude>
    <ClInclude Include="storage.h">
      <Filter>ヘッダー ファイル</Filter>
    </ClInclude>
    <ClInclude Include="storage_lock.h">
      <Filter>ヘッダー ファイル</Filter>
    </ClInclude>
    <ClInclude Include="string.h">
      <Filter>ヘッダー ファイル</Filter>
    </ClInclude>
    <ClInclude Include="text.h">
      <Filter>ヘッダー ファイル</Filter>
    </ClInclude>
    <ClInclude Include="multi_anim.h">
      <Filter>Multiplay\head</Filter>
    </ClInclude>
    <ClInclude Include="multi_animenum.h">
      <Filter>Multiplay\head</Filter>
    </ClInclude>
    <ClInclude Include="multi_attack.h">
      <Filter>Multiplay\head</Filter>
    </ClInclude>
    <ClInclude Include="multi_attribute.h">
      <Filter>Multiplay\head</Filter>
    </ClInclude>
    <ClInclude Include="multi_behavior.h">
      <Filter>Multiplay\head</Filter>
    </ClInclude>
    <ClInclude Include="multi_client_gameobject.h">
      <Filter>Multiplay\head</Filter>
    </ClInclude>
    <ClInclude Include="multi_connect_renderer.h">
      <Filter>Multiplay\head</Filter>
    </ClInclude>
    <ClInclude Include="multi_enemy.h">
      <Filter>Multiplay\head</Filter>
    </ClInclude>
    <ClInclude Include="multi_header.h">
      <Filter>Multiplay\head</Filter>
    </ClInclude>
    <ClInclude Include="multi_intermediate_result_mode.h">
      <Filter>Multiplay\head</Filter>
    </ClInclude>
    <ClInclude Include="multi_map.h">
      <Filter>Multiplay\head</Filter>
    </ClInclude>
    <ClInclude Include="multi_movable_object.h">
      <Filter>Multiplay\head</Filter>
    </ClInclude>
    <ClInclude Include="multi_object.h">
      <Filter>Multiplay\head</Filter>
    </ClInclude>
    <ClInclude Include="multi_objenum.h">
      <Filter>Multiplay\head</Filter>
    </ClInclude>
    <ClInclude Include="multi_obstacle_race_mode.h">
      <Filter>Multiplay\head</Filter>
    </ClInclude>
    <ClInclude Include="multi_path.h">
      <Filter>Multiplay\head</Filter>
    </ClInclude>
    <ClInclude Include="multi_player.h">
      <Filter>Multiplay\head</Filter>
    </ClInclude>
    <ClInclude Include="multi_server_select.h">
      <Filter>Multiplay\head</Filter>
    </ClInclude>
    <ClInclude Include="multi_skillorb.h">
      <Filter>Multiplay\head</Filter>
    </ClInclude>
    <ClInclude Include="multi_transform.h">
      <Filter>Multiplay\head</Filter>
    </ClInclude>
    <ClInclude Include="multiplay.h">
      <Filter>Multiplay\head</Filter>
    </ClInclude>
    <ClInclude Include="move_scene_anim.h">
      <Filter>Multiplay\head</Filter>
    </ClInclude>
    <ClInclude Include="multi_ui.h">
      <Filter>Multiplay\head</Filter>
    </ClInclude>
    <ClInclude Include="multi_result_skillorb.h">
      <Filter>Multiplay\head</Filter>
    </ClInclude>
    <ClInclude Include="load.h">
      <Filter>Multiplay\head</Filter>
    </ClInclude>
    <ClInclude Include="multi_spike.h">
      <Filter>ヘッダー ファイル</Filter>
    </ClInclude>
    <ClInclude Include="multi_character_select_mode.h">
      <Filter>Multiplay\head\mode</Filter>
    </ClInclude>
    <ClInclude Include="multi_final_battle_mode.h">
      <Filter>Multiplay\head\mode</Filter>
    </ClInclude>
    <ClInclude Include="multi_enemy_rush_mode.h">
      <Filter>Multiplay\head\mode</Filter>
    </ClInclude>
    <ClInclude Include="multi_area_capture_mode.h">
      <Filter>Multiplay\head\mode</Filter>
    </ClInclude>
    <ClInclude Include="multi_mode_flow.h">
      <Filter>Multiplay\head\mode</Filter>
    </ClInclude>
    <ClInclude Include="multi_mode.h">
      <Filter>Multiplay\head\mode</Filter>
    </ClInclude>
    <ClInclude Include="multi_last_result_mode.h">
      <Filter>Multiplay\head\mode</Filter>
    </ClInclude>
  </ItemGroup>
  <ItemGroup>
    <ClInclude Include="player.h">
      <Filter>ヘッダー ファイル</Filter>
    </ClInclude>
    <ClInclude Include="attribute.h">
      <Filter>ヘッダー ファイル</Filter>
    </ClInclude>
    <ClInclude Include="fire.h">
      <Filter>ヘッダー ファイル</Filter>
    </ClInclude>
    <ClInclude Include="wind.h">
      <Filter>ヘッダー ファイル</Filter>
    </ClInclude>
    <ClInclude Include="thunder.h">
      <Filter>ヘッダー ファイル</Filter>
    </ClInclude>
    <ClInclude Include="dark.h">
      <Filter>ヘッダー ファイル</Filter>
    </ClInclude>
  </ItemGroup>
  <ItemGroup>
    <None Include="packages.config" />
    <None Include="data\property\attribute_lv1.ini">
      <Filter>リソース ファイル</Filter>
    </None>
    <None Include="data\property\attribute_lv2.ini">
      <Filter>リソース ファイル</Filter>
    </None>
    <None Include="data\property\attribute_lv3.ini">
      <Filter>リソース ファイル</Filter>
    </None>
    <None Include="data\property\attribute_lv4.ini">
      <Filter>リソース ファイル</Filter>
    </None>
    <None Include="data\property\attribute_lv5.ini">
      <Filter>リソース ファイル</Filter>
    </None>
    <None Include="data\property\attribute_lv6.ini">
      <Filter>リソース ファイル</Filter>
    </None>
    <None Include="data\property\attribute_lv7.ini">
      <Filter>リソース ファイル</Filter>
    </None>
    <None Include="data\property\attribute_lv8.ini">
      <Filter>リソース ファイル</Filter>
    </None>
    <None Include="data\property\attribute_lv9.ini">
      <Filter>リソース ファイル</Filter>
    </None>
    <None Include="data\property\attribute_lv10.ini">
      <Filter>リソース ファイル</Filter>
    </None>
    <None Include="data\property\enemy.ini">
      <Filter>リソース ファイル</Filter>
    </None>
    <None Include="data\property\mode.ini">
      <Filter>リソース ファイル</Filter>
    </None>
    <None Include="data\property\player.ini">
      <Filter>リソース ファイル</Filter>
    </None>
    <None Include="data\multiplay.ini">
      <Filter>リソース ファイル</Filter>
    </None>
  </ItemGroup>
</Project>